
Microsoft Visual Studio Solution File, Format Version 12.00
# Visual Studio Version 17
VisualStudioVersion = 17.3.32922.545
MinimumVisualStudioVersion = 10.0.40219.1
Project("{8BC9CEB8-8B4A-11D0-8D11-00A0C91BC942}") = "Chapter2.1", "Chapter2.1\Chapter2.1.vcxproj", "{273C3030-6833-475F-AB2F-6E8BF90346DA}"
EndProject
Project("{8BC9CEB8-8B4A-11D0-8D11-00A0C91BC942}") = "Chapter2.2", "Chapter2.2\Chapter2.2.vcxproj", "{740DA552-2257-441E-8C77-EF5A9CE71A34}"
EndProject
Project("{8BC9CEB8-8B4A-11D0-8D11-00A0C91BC942}") = "Chapter3.1", "Chapter3\Chapter3.vcxproj", "{CB04CC30-C39B-4113-8A17-79A38CE001B4}"
EndProject
Project("{8BC9CEB8-8B4A-11D0-8D11-00A0C91BC942}") = "Chapter1", "Chapter1\Chapter1.vcxproj", "{B6EE4E15-5A1F-4B4F-A52C-667AE934EF7E}"
EndProject
Project("{8BC9CEB8-8B4A-11D0-8D11-00A0C91BC942}") = "Chapter4", "Chapter4\Chapter4.vcxproj", "{7F372FE2-1C32-42E9-BD2B-D792D14AA41D}"
EndProject
Project("{8BC9CEB8-8B4A-11D0-8D11-00A0C91BC942}") = "Chapter5", "Chapter5\Chapter5.vcxproj", "{D89BF596-102A-45C9-9938-90F3AF03A405}"
EndProject
Project("{8BC9CEB8-8B4A-11D0-8D11-00A0C91BC942}") = "Chapter6", "Chapter6\Chapter6.vcxproj", "{2707B232-4D22-487E-80EB-4E5BD325AA2A}"
EndProject
Project("{8BC9CEB8-8B4A-11D0-8D11-00A0C91BC942}") = "Chapter7", "Chapter7\Chapter7.vcxproj", "{A37213E0-CC6C-40D3-B66C-6FA879DF9508}"
EndProject
Project("{8BC9CEB8-8B4A-11D0-8D11-00A0C91BC942}") = "Chapter8", "Chapter8\Chapter8.vcxproj", "{3A4A2440-7EC2-4163-87FB-FAD8E87F64AA}"
EndProject
Global
	GlobalSection(SolutionConfigurationPlatforms) = preSolution
		Debug|x64 = Debug|x64
		Debug|x86 = Debug|x86
		Release|x64 = Release|x64
		Release|x86 = Release|x86
	EndGlobalSection
	GlobalSection(ProjectConfigurationPlatforms) = postSolution
		{273C3030-6833-475F-AB2F-6E8BF90346DA}.Debug|x64.ActiveCfg = Debug|x64
		{273C3030-6833-475F-AB2F-6E8BF90346DA}.Debug|x64.Build.0 = Debug|x64
		{273C3030-6833-475F-AB2F-6E8BF90346DA}.Debug|x86.ActiveCfg = Debug|Win32
		{273C3030-6833-475F-AB2F-6E8BF90346DA}.Debug|x86.Build.0 = Debug|Win32
		{273C3030-6833-475F-AB2F-6E8BF90346DA}.Release|x64.ActiveCfg = Release|x64
		{273C3030-6833-475F-AB2F-6E8BF90346DA}.Release|x64.Build.0 = Release|x64
		{273C3030-6833-475F-AB2F-6E8BF90346DA}.Release|x86.ActiveCfg = Release|Win32
		{273C3030-6833-475F-AB2F-6E8BF90346DA}.Release|x86.Build.0 = Release|Win32
		{740DA552-2257-441E-8C77-EF5A9CE71A34}.Debug|x64.ActiveCfg = Debug|x64
		{740DA552-2257-441E-8C77-EF5A9CE71A34}.Debug|x64.Build.0 = Debug|x64
		{740DA552-2257-441E-8C77-EF5A9CE71A34}.Debug|x86.ActiveCfg = Debug|Win32
		{740DA552-2257-441E-8C77-EF5A9CE71A34}.Debug|x86.Build.0 = Debug|Win32
		{740DA552-2257-441E-8C77-EF5A9CE71A34}.Release|x64.ActiveCfg = Release|x64
		{740DA552-2257-441E-8C77-EF5A9CE71A34}.Release|x64.Build.0 = Release|x64
		{740DA552-2257-441E-8C77-EF5A9CE71A34}.Release|x86.ActiveCfg = Release|Win32
		{740DA552-2257-441E-8C77-EF5A9CE71A34}.Release|x86.Build.0 = Release|Win32
		{CB04CC30-C39B-4113-8A17-79A38CE001B4}.Debug|x64.ActiveCfg = Debug|x64
		{CB04CC30-C39B-4113-8A17-79A38CE001B4}.Debug|x64.Build.0 = Debug|x64
		{CB04CC30-C39B-4113-8A17-79A38CE001B4}.Debug|x86.ActiveCfg = Debug|Win32
		{CB04CC30-C39B-4113-8A17-79A38CE001B4}.Debug|x86.Build.0 = Debug|Win32
		{CB04CC30-C39B-4113-8A17-79A38CE001B4}.Release|x64.ActiveCfg = Release|x64
		{CB04CC30-C39B-4113-8A17-79A38CE001B4}.Release|x64.Build.0 = Release|x64
		{CB04CC30-C39B-4113-8A17-79A38CE001B4}.Release|x86.ActiveCfg = Release|Win32
		{CB04CC30-C39B-4113-8A17-79A38CE001B4}.Release|x86.Build.0 = Release|Win32
		{B6EE4E15-5A1F-4B4F-A52C-667AE934EF7E}.Debug|x64.ActiveCfg = Debug|x64
		{B6EE4E15-5A1F-4B4F-A52C-667AE934EF7E}.Debug|x64.Build.0 = Debug|x64
		{B6EE4E15-5A1F-4B4F-A52C-667AE934EF7E}.Debug|x86.ActiveCfg = Debug|Win32
		{B6EE4E15-5A1F-4B4F-A52C-667AE934EF7E}.Debug|x86.Build.0 = Debug|Win32
		{B6EE4E15-5A1F-4B4F-A52C-667AE934EF7E}.Release|x64.ActiveCfg = Release|x64
		{B6EE4E15-5A1F-4B4F-A52C-667AE934EF7E}.Release|x64.Build.0 = Release|x64
		{B6EE4E15-5A1F-4B4F-A52C-667AE934EF7E}.Release|x86.ActiveCfg = Release|Win32
		{B6EE4E15-5A1F-4B4F-A52C-667AE934EF7E}.Release|x86.Build.0 = Release|Win32
		{7F372FE2-1C32-42E9-BD2B-D792D14AA41D}.Debug|x64.ActiveCfg = Debug|x64
		{7F372FE2-1C32-42E9-BD2B-D792D14AA41D}.Debug|x64.Build.0 = Debug|x64
		{7F372FE2-1C32-42E9-BD2B-D792D14AA41D}.Debug|x86.ActiveCfg = Debug|Win32
		{7F372FE2-1C32-42E9-BD2B-D792D14AA41D}.Debug|x86.Build.0 = Debug|Win32
		{7F372FE2-1C32-42E9-BD2B-D792D14AA41D}.Release|x64.ActiveCfg = Release|x64
		{7F372FE2-1C32-42E9-BD2B-D792D14AA41D}.Release|x64.Build.0 = Release|x64
		{7F372FE2-1C32-42E9-BD2B-D792D14AA41D}.Release|x86.ActiveCfg = Release|Win32
		{7F372FE2-1C32-42E9-BD2B-D792D14AA41D}.Release|x86.Build.0 = Release|Win32
		{D89BF596-102A-45C9-9938-90F3AF03A405}.Debug|x64.ActiveCfg = Debug|x64
		{D89BF596-102A-45C9-9938-90F3AF03A405}.Debug|x64.Build.0 = Debug|x64
		{D89BF596-102A-45C9-9938-90F3AF03A405}.Debug|x86.ActiveCfg = Debug|Win32
		{D89BF596-102A-45C9-9938-90F3AF03A405}.Debug|x86.Build.0 = Debug|Win32
		{D89BF596-102A-45C9-9938-90F3AF03A405}.Release|x64.ActiveCfg = Release|x64
		{D89BF596-102A-45C9-9938-90F3AF03A405}.Release|x64.Build.0 = Release|x64
		{D89BF596-102A-45C9-9938-90F3AF03A405}.Release|x86.ActiveCfg = Release|Win32
		{D89BF596-102A-45C9-9938-90F3AF03A405}.Release|x86.Build.0 = Release|Win32
		{2707B232-4D22-487E-80EB-4E5BD325AA2A}.Debug|x64.ActiveCfg = Debug|x64
		{2707B232-4D22-487E-80EB-4E5BD325AA2A}.Debug|x64.Build.0 = Debug|x64
		{2707B232-4D22-487E-80EB-4E5BD325AA2A}.Debug|x86.ActiveCfg = Debug|Win32
		{2707B232-4D22-487E-80EB-4E5BD325AA2A}.Debug|x86.Build.0 = Debug|Win32
		{2707B232-4D22-487E-80EB-4E5BD325AA2A}.Release|x64.ActiveCfg = Release|x64
		{2707B232-4D22-487E-80EB-4E5BD325AA2A}.Release|x64.Build.0 = Release|x64
		{2707B232-4D22-487E-80EB-4E5BD325AA2A}.Release|x86.ActiveCfg = Release|Win32
		{2707B232-4D22-487E-80EB-4E5BD325AA2A}.Release|x86.Build.0 = Release|Win32
		{A37213E0-CC6C-40D3-B66C-6FA879DF9508}.Debug|x64.ActiveCfg = Debug|x64
		{A37213E0-CC6C-40D3-B66C-6FA879DF9508}.Debug|x64.Build.0 = Debug|x64
		{A37213E0-CC6C-40D3-B66C-6FA879DF9508}.Debug|x86.ActiveCfg = Debug|Win32
		{A37213E0-CC6C-40D3-B66C-6FA879DF9508}.Debug|x86.Build.0 = Debug|Win32
		{A37213E0-CC6C-40D3-B66C-6FA879DF9508}.Release|x64.ActiveCfg = Release|x64
		{A37213E0-CC6C-40D3-B66C-6FA879DF9508}.Release|x64.Build.0 = Release|x64
		{A37213E0-CC6C-40D3-B66C-6FA879DF9508}.Release|x86.ActiveCfg = Release|Win32
		{A37213E0-CC6C-40D3-B66C-6FA879DF9508}.Release|x86.Build.0 = Release|Win32
		{3A4A2440-7EC2-4163-87FB-FAD8E87F64AA}.Debug|x64.ActiveCfg = Debug|x64
		{3A4A2440-7EC2-4163-87FB-FAD8E87F64AA}.Debug|x64.Build.0 = Debug|x64
		{3A4A2440-7EC2-4163-87FB-FAD8E87F64AA}.Debug|x86.ActiveCfg = Debug|Win32
		{3A4A2440-7EC2-4163-87FB-FAD8E87F64AA}.Debug|x86.Build.0 = Debug|Win32
		{3A4A2440-7EC2-4163-87FB-FAD8E87F64AA}.Release|x64.ActiveCfg = Release|x64
		{3A4A2440-7EC2-4163-87FB-FAD8E87F64AA}.Release|x64.Build.0 = Release|x64
		{3A4A2440-7EC2-4163-87FB-FAD8E87F64AA}.Release|x86.ActiveCfg = Release|Win32
		{3A4A2440-7EC2-4163-87FB-FAD8E87F64AA}.Release|x86.Build.0 = Release|Win32
	EndGlobalSection
	GlobalSection(SolutionProperties) = preSolution
		HideSolutionNode = FALSE
	EndGlobalSection
	GlobalSection(ExtensibilityGlobals) = postSolution
		SolutionGuid = {BC909B9E-D965-4DF1-A3E7-E8FB3892D2F4}
	EndGlobalSection
EndGlobal
