
Microsoft Visual Studio Solution File, Format Version 12.00
# Visual Studio Version 17
VisualStudioVersion = 17.3.32922.545
MinimumVisualStudioVersion = 10.0.40219.1
Project("{8BC9CEB8-8B4A-11D0-8D11-00A0C91BC942}") = "Chapter2.1", "Chapter2.1\Chapter2.1.vcxproj", "{273C3030-6833-475F-AB2F-6E8BF90346DA}"
EndProject
Project("{8BC9CEB8-8B4A-11D0-8D11-00A0C91BC942}") = "Chapter2.2", "Chapter2.2\Chapter2.2.vcxproj", "{740DA552-2257-441E-8C77-EF5A9CE71A34}"
EndProject
Project("{8BC9CEB8-8B4A-11D0-8D11-00A0C91BC942}") = "Chapter3.1", "Chapter3.1\Chapter3.1.vcxproj", "{CB04CC30-C39B-4113-8A17-79A38CE001B4}"
EndProject
Project("{8BC9CEB8-8B4A-11D0-8D11-00A0C91BC942}") = "Chapter4.1", "Chapter4.1\Chapter4.1.vcxproj", "{9D48332F-A975-44D3-9F69-6AB4C66785AC}"
EndProject
Project("{8BC9CEB8-8B4A-11D0-8D11-00A0C91BC942}") = "Chapter1", "Chapter1\Chapter1.vcxproj", "{B6EE4E15-5A1F-4B4F-A52C-667AE934EF7E}"
EndProject
Project("{8BC9CEB8-8B4A-11D0-8D11-00A0C91BC942}") = "Chapter4.2", "Chapter4.2\Chapter4.2.vcxproj", "{7F372FE2-1C32-42E9-BD2B-D792D14AA41D}"
EndProject
Global
	GlobalSection(SolutionConfigurationPlatforms) = preSolution
		Debug|x64 = Debug|x64
		Debug|x86 = Debug|x86
		Release|x64 = Release|x64
		Release|x86 = Release|x86
	EndGlobalSection
	GlobalSection(ProjectConfigurationPlatforms) = postSolution
		{273C3030-6833-475F-AB2F-6E8BF90346DA}.Debug|x64.ActiveCfg = Debug|x64
		{273C3030-6833-475F-AB2F-6E8BF90346DA}.Debug|x64.Build.0 = Debug|x64
		{273C3030-6833-475F-AB2F-6E8BF90346DA}.Debug|x86.ActiveCfg = Debug|Win32
		{273C3030-6833-475F-AB2F-6E8BF90346DA}.Debug|x86.Build.0 = Debug|Win32
		{273C3030-6833-475F-AB2F-6E8BF90346DA}.Release|x64.ActiveCfg = Release|x64
		{273C3030-6833-475F-AB2F-6E8BF90346DA}.Release|x64.Build.0 = Release|x64
		{273C3030-6833-475F-AB2F-6E8BF90346DA}.Release|x86.ActiveCfg = Release|Win32
		{273C3030-6833-475F-AB2F-6E8BF90346DA}.Release|x86.Build.0 = Release|Win32
		{740DA552-2257-441E-8C77-EF5A9CE71A34}.Debug|x64.ActiveCfg = Debug|x64
		{740DA552-2257-441E-8C77-EF5A9CE71A34}.Debug|x64.Build.0 = Debug|x64
		{740DA552-2257-441E-8C77-EF5A9CE71A34}.Debug|x86.ActiveCfg = Debug|Win32
		{740DA552-2257-441E-8C77-EF5A9CE71A34}.Debug|x86.Build.0 = Debug|Win32
		{740DA552-2257-441E-8C77-EF5A9CE71A34}.Release|x64.ActiveCfg = Release|x64
		{740DA552-2257-441E-8C77-EF5A9CE71A34}.Release|x64.Build.0 = Release|x64
		{740DA552-2257-441E-8C77-EF5A9CE71A34}.Release|x86.ActiveCfg = Release|Win32
		{740DA552-2257-441E-8C77-EF5A9CE71A34}.Release|x86.Build.0 = Release|Win32
		{CB04CC30-C39B-4113-8A17-79A38CE001B4}.Debug|x64.ActiveCfg = Debug|x64
		{CB04CC30-C39B-4113-8A17-79A38CE001B4}.Debug|x64.Build.0 = Debug|x64
		{CB04CC30-C39B-4113-8A17-79A38CE001B4}.Debug|x86.ActiveCfg = Debug|Win32
		{CB04CC30-C39B-4113-8A17-79A38CE001B4}.Debug|x86.Build.0 = Debug|Win32
		{CB04CC30-C39B-4113-8A17-79A38CE001B4}.Release|x64.ActiveCfg = Release|x64
		{CB04CC30-C39B-4113-8A17-79A38CE001B4}.Release|x64.Build.0 = Release|x64
		{CB04CC30-C39B-4113-8A17-79A38CE001B4}.Release|x86.ActiveCfg = Release|Win32
		{CB04CC30-C39B-4113-8A17-79A38CE001B4}.Release|x86.Build.0 = Release|Win32
		{9D48332F-A975-44D3-9F69-6AB4C66785AC}.Debug|x64.ActiveCfg = Debug|x64
		{9D48332F-A975-44D3-9F69-6AB4C66785AC}.Debug|x64.Build.0 = Debug|x64
		{9D48332F-A975-44D3-9F69-6AB4C66785AC}.Debug|x86.ActiveCfg = Debug|Win32
		{9D48332F-A975-44D3-9F69-6AB4C66785AC}.Debug|x86.Build.0 = Debug|Win32
		{9D48332F-A975-44D3-9F69-6AB4C66785AC}.Release|x64.ActiveCfg = Release|x64
		{9D48332F-A975-44D3-9F69-6AB4C66785AC}.Release|x64.Build.0 = Release|x64
		{9D48332F-A975-44D3-9F69-6AB4C66785AC}.Release|x86.ActiveCfg = Release|Win32
		{9D48332F-A975-44D3-9F69-6AB4C66785AC}.Release|x86.Build.0 = Release|Win32
		{B6EE4E15-5A1F-4B4F-A52C-667AE934EF7E}.Debug|x64.ActiveCfg = Debug|x64
		{B6EE4E15-5A1F-4B4F-A52C-667AE934EF7E}.Debug|x64.Build.0 = Debug|x64
		{B6EE4E15-5A1F-4B4F-A52C-667AE934EF7E}.Debug|x86.ActiveCfg = Debug|Win32
		{B6EE4E15-5A1F-4B4F-A52C-667AE934EF7E}.Debug|x86.Build.0 = Debug|Win32
		{B6EE4E15-5A1F-4B4F-A52C-667AE934EF7E}.Release|x64.ActiveCfg = Release|x64
		{B6EE4E15-5A1F-4B4F-A52C-667AE934EF7E}.Release|x64.Build.0 = Release|x64
		{B6EE4E15-5A1F-4B4F-A52C-667AE934EF7E}.Release|x86.ActiveCfg = Release|Win32
		{B6EE4E15-5A1F-4B4F-A52C-667AE934EF7E}.Release|x86.Build.0 = Release|Win32
		{7F372FE2-1C32-42E9-BD2B-D792D14AA41D}.Debug|x64.ActiveCfg = Debug|x64
		{7F372FE2-1C32-42E9-BD2B-D792D14AA41D}.Debug|x64.Build.0 = Debug|x64
		{7F372FE2-1C32-42E9-BD2B-D792D14AA41D}.Debug|x86.ActiveCfg = Debug|Win32
		{7F372FE2-1C32-42E9-BD2B-D792D14AA41D}.Debug|x86.Build.0 = Debug|Win32
		{7F372FE2-1C32-42E9-BD2B-D792D14AA41D}.Release|x64.ActiveCfg = Release|x64
		{7F372FE2-1C32-42E9-BD2B-D792D14AA41D}.Release|x64.Build.0 = Release|x64
		{7F372FE2-1C32-42E9-BD2B-D792D14AA41D}.Release|x86.ActiveCfg = Release|Win32
		{7F372FE2-1C32-42E9-BD2B-D792D14AA41D}.Release|x86.Build.0 = Release|Win32
	EndGlobalSection
	GlobalSection(SolutionProperties) = preSolution
		HideSolutionNode = FALSE
	EndGlobalSection
	GlobalSection(ExtensibilityGlobals) = postSolution
		SolutionGuid = {BC909B9E-D965-4DF1-A3E7-E8FB3892D2F4}
	EndGlobalSection
EndGlobal
